// !$*UTF8*$!
{
	archiveVersion = 1;
	classes = {
	};
	objectVersion = 46;
	objects = {

/* Begin PBXBuildFile section */
		3845719E1F32BB5200216EE7 /* AppDelegate.swift in Sources */ = {isa = PBXBuildFile; fileRef = 3845719D1F32BB5200216EE7 /* AppDelegate.swift */; };
		384571A01F32BB5200216EE7 /* ViewController.swift in Sources */ = {isa = PBXBuildFile; fileRef = 3845719F1F32BB5200216EE7 /* ViewController.swift */; };
		384571A21F32BB5200216EE7 /* Assets.xcassets in Resources */ = {isa = PBXBuildFile; fileRef = 384571A11F32BB5200216EE7 /* Assets.xcassets */; };
		384571A51F32BB5200216EE7 /* Main.storyboard in Resources */ = {isa = PBXBuildFile; fileRef = 384571A31F32BB5200216EE7 /* Main.storyboard */; };
/* End PBXBuildFile section */

/* Begin PBXFileReference section */
		3845719A1F32BB5200216EE7 /* MemorizeWord.app */ = {isa = PBXFileReference; explicitFileType = wrapper.application; includeInIndex = 0; path = MemorizeWord.app; sourceTree = BUILT_PRODUCTS_DIR; };
		3845719D1F32BB5200216EE7 /* AppDelegate.swift */ = {isa = PBXFileReference; lastKnownFileType = sourcecode.swift; path = AppDelegate.swift; sourceTree = "<group>"; };
		3845719F1F32BB5200216EE7 /* ViewController.swift */ = {isa = PBXFileReference; lastKnownFileType = sourcecode.swift; path = ViewController.swift; sourceTree = "<group>"; };
		384571A11F32BB5200216EE7 /* Assets.xcassets */ = {isa = PBXFileReference; lastKnownFileType = folder.assetcatalog; path = Assets.xcassets; sourceTree = "<group>"; };
		384571A41F32BB5200216EE7 /* Base */ = {isa = PBXFileReference; lastKnownFileType = file.storyboard; name = Base; path = Base.lproj/Main.storyboard; sourceTree = "<group>"; };
		384571A61F32BB5200216EE7 /* Info.plist */ = {isa = PBXFileReference; lastKnownFileType = text.plist.xml; path = Info.plist; sourceTree = "<group>"; };
/* End PBXFileReference section */

/* Begin PBXFrameworksBuildPhase section */
		384571971F32BB5200216EE7 /* Frameworks */ = {
			isa = PBXFrameworksBuildPhase;
			buildActionMask = 2147483647;
			files = (
			);
			runOnlyForDeploymentPostprocessing = 0;
		};
/* End PBXFrameworksBuildPhase section */

/* Begin PBXGroup section */
		384571911F32BB5200216EE7 = {
			isa = PBXGroup;
			children = (
				3845719C1F32BB5200216EE7 /* MemorizeWord */,
				3845719B1F32BB5200216EE7 /* Products */,
			);
			sourceTree = "<group>";
		};
		3845719B1F32BB5200216EE7 /* Products */ = {
			isa = PBXGroup;
			children = (
				3845719A1F32BB5200216EE7 /* MemorizeWord.app */,
			);
			name = Products;
			sourceTree = "<group>";
		};
		3845719C1F32BB5200216EE7 /* MemorizeWord */ = {
			isa = PBXGroup;
			children = (
				3845719D1F32BB5200216EE7 /* AppDelegate.swift */,
				3845719F1F32BB5200216EE7 /* ViewController.swift */,
				384571A11F32BB5200216EE7 /* Assets.xcassets */,
				384571A31F32BB5200216EE7 /* Main.storyboard */,
				384571A61F32BB5200216EE7 /* Info.plist */,
			);
			path = MemorizeWord;
			sourceTree = "<group>";
		};
/* End PBXGroup section */

/* Begin PBXNativeTarget section */
		384571991F32BB5200216EE7 /* MemorizeWord */ = {
			isa = PBXNativeTarget;
			buildConfigurationList = 384571A91F32BB5200216EE7 /* Build configuration list for PBXNativeTarget "MemorizeWord" */;
			buildPhases = (
				384571961F32BB5200216EE7 /* Sources */,
				384571971F32BB5200216EE7 /* Frameworks */,
				384571981F32BB5200216EE7 /* Resources */,
			);
			buildRules = (
			);
			dependencies = (
			);
			name = MemorizeWord;
			productName = MemorizeWord;
			productReference = 3845719A1F32BB5200216EE7 /* MemorizeWord.app */;
			productType = "com.apple.product-type.application";
		};
/* End PBXNativeTarget section */

/* Begin PBXProject section */
		384571921F32BB5200216EE7 /* Project object */ = {
			isa = PBXProject;
			attributes = {
				LastSwiftUpdateCheck = 0830;
				LastUpgradeCheck = 0830;
				ORGANIZATIONNAME = kaiching;
				TargetAttributes = {
					384571991F32BB5200216EE7 = {
						CreatedOnToolsVersion = 8.3.3;
						DevelopmentTeam = F336DSZ4D9;
						ProvisioningStyle = Automatic;
					};
				};
			};
			buildConfigurationList = 384571951F32BB5200216EE7 /* Build configuration list for PBXProject "MemorizeWord" */;
			compatibilityVersion = "Xcode 3.2";
			developmentRegion = English;
			hasScannedForEncodings = 0;
			knownRegions = (
				en,
				Base,
			);
			mainGroup = 384571911F32BB5200216EE7;
			productRefGroup = 3845719B1F32BB5200216EE7 /* Products */;
			projectDirPath = "";
			projectRoot = "";
			targets = (
				384571991F32BB5200216EE7 /* MemorizeWord */,
			);
		};
/* End PBXProject section */

/* Begin PBXResourcesBuildPhase section */
		384571981F32BB5200216EE7 /* Resources */ = {
			isa = PBXResourcesBuildPhase;
			buildActionMask = 2147483647;
			files = (
				384571A21F32BB5200216EE7 /* Assets.xcassets in Resources */,
				384571A51F32BB5200216EE7 /* Main.storyboard in Resources */,
			);
			runOnlyForDeploymentPostprocessing = 0;
		};
/* End PBXResourcesBuildPhase section */

/* Begin PBXSourcesBuildPhase section */
		384571961F32BB5200216EE7 /* Sources */ = {
			isa = PBXSourcesBuildPhase;
			buildActionMask = 2147483647;
			files = (
				384571A01F32BB5200216EE7 /* ViewController.swift in Sources */,
				3845719E1F32BB5200216EE7 /* AppDelegate.swift in Sources */,
			);
			runOnlyForDeploymentPostprocessing = 0;
		};
/* End PBXSourcesBuildPhase section */

/* Begin PBXVariantGroup section */
		384571A31F32BB5200216EE7 /* Main.storyboard */ = {
			isa = PBXVariantGroup;
			children = (
				384571A41F32BB5200216EE7 /* Base */,
			);
			name = Main.storyboard;
			sourceTree = "<group>";
		};
/* End PBXVariantGroup section */

/* Begin XCBuildConfiguration section */
		384571A71F32BB5200216EE7 /* Debug */ = {
			isa = XCBuildConfiguration;
			buildSettings = {
				ALWAYS_SEARCH_USER_PATHS = NO;
				CLANG_ANALYZER_NONNULL = YES;
				CLANG_ANALYZER_NUMBER_OBJECT_CONVERSION = YES_AGGRESSIVE;
				CLANG_CXX_LANGUAGE_STANDARD = "gnu++0x";
				CLANG_CXX_LIBRARY = "libc++";
				CLANG_ENABLE_MODULES = YES;
				CLANG_ENABLE_OBJC_ARC = YES;
				CLANG_WARN_BOOL_CONVERSION = YES;
				CLANG_WARN_CONSTANT_CONVERSION = YES;
				CLANG_WARN_DIRECT_OBJC_ISA_USAGE = YES_ERROR;
				CLANG_WARN_DOCUMENTATION_COMMENTS = YES;
				CLANG_WARN_EMPTY_BODY = YES;
				CLANG_WARN_ENUM_CONVERSION = YES;
				CLANG_WARN_INFINITE_RECURSION = YES;
				CLANG_WARN_INT_CONVERSION = YES;
				CLANG_WARN_OBJC_ROOT_CLASS = YES_ERROR;
				CLANG_WARN_SUSPICIOUS_MOVE = YES;
				CLANG_WARN_UNREACHABLE_CODE = YES;
				CLANG_WARN__DUPLICATE_METHOD_MATCH = YES;
				CODE_SIGN_IDENTITY = "-";
				COPY_PHASE_STRIP = NO;
				DEBUG_INFORMATION_FORMAT = dwarf;
				ENABLE_STRICT_OBJC_MSGSEND = YES;
				ENABLE_TESTABILITY = YES;
				GCC_C_LANGUAGE_STANDARD = gnu99;
				GCC_DYNAMIC_NO_PIC = NO;
				GCC_NO_COMMON_BLOCKS = YES;
				GCC_OPTIMIZATION_LEVEL = 0;
				GCC_PREPROCESSOR_DEFINITIONS = (
					"DEBUG=1",
					"$(inherited)",
				);
				GCC_WARN_64_TO_32_BIT_CONVERSION = YES;
				GCC_WARN_ABOUT_RETURN_TYPE = YES_ERROR;
				GCC_WARN_UNDECLARED_SELECTOR = YES;
				GCC_WARN_UNINITIALIZED_AUTOS = YES_AGGRESSIVE;
				GCC_WARN_UNUSED_FUNCTION = YES;
				GCC_WARN_UNUSED_VARIABLE = YES;
				MACOSX_DEPLOYMENT_TARGET = 10.12;
				MTL_ENABLE_DEBUG_INFO = YES;
				ONLY_ACTIVE_ARCH = YES;
				SDKROOT = macosx;
				SWIFT_ACTIVE_COMPILATION_CONDITIONS = DEBUG;
				SWIFT_OPTIMIZATION_LEVEL = "-Onone";
			};
			name = Debug;
		};
		384571A81F32BB5200216EE7 /* Release */ = {
			isa = XCBuildConfiguration;
			buildSettings = {
				ALWAYS_SEARCH_USER_PATHS = NO;
				CLANG_ANALYZER_NONNULL = YES;
				CLANG_ANALYZER_NUMBER_OBJECT_CONVERSION = YES_AGGRESSIVE;
				CLANG_CXX_LANGUAGE_STANDARD = "gnu++0x";
				CLANG_CXX_LIBRARY = "libc++";
				CLANG_ENABLE_MODULES = YES;
				CLANG_ENABLE_OBJC_ARC = YES;
				CLANG_WARN_BOOL_CONVERSION = YES;
				CLANG_WARN_CONSTANT_CONVERSION = YES;
				CLANG_WARN_DIRECT_OBJC_ISA_USAGE = YES_ERROR;
				CLANG_WARN_DOCUMENTATION_COMMENTS = YES;
				CLANG_WARN_EMPTY_BODY = YES;
				CLANG_WARN_ENUM_CONVERSION = YES;
				CLANG_WARN_INFINITE_RECURSION = YES;
				CLANG_WARN_INT_CONVERSION = YES;
				CLANG_WARN_OBJC_ROOT_CLASS = YES_ERROR;
				CLANG_WARN_SUSPICIOUS_MOVE = YES;
				CLANG_WARN_UNREACHABLE_CODE = YES;
				CLANG_WARN__DUPLICATE_METHOD_MATCH = YES;
				CODE_SIGN_IDENTITY = "-";
				COPY_PHASE_STRIP = NO;
				DEBUG_INFORMATION_FORMAT = "dwarf-with-dsym";
				ENABLE_NS_ASSERTIONS = NO;
				ENABLE_STRICT_OBJC_MSGSEND = YES;
				GCC_C_LANGUAGE_STANDARD = gnu99;
				GCC_NO_COMMON_BLOCKS = YES;
				GCC_WARN_64_TO_32_BIT_CONVERSION = YES;
				GCC_WARN_ABOUT_RETURN_TYPE = YES_ERROR;
				GCC_WARN_UNDECLARED_SELECTOR = YES;
				GCC_WARN_UNINITIALIZED_AUTOS = YES_AGGRESSIVE;
				GCC_WARN_UNUSED_FUNCTION = YES;
				GCC_WARN_UNUSED_VARIABLE = YES;
				MACOSX_DEPLOYMENT_TARGET = 10.12;
				MTL_ENABLE_DEBUG_INFO = NO;
				SDKROOT = macosx;
				SWIFT_OPTIMIZATION_LEVEL = "-Owholemodule";
			};
			name = Release;
		};
		384571AA1F32BB5200216EE7 /* Debug */ = {
			isa = XCBuildConfiguration;
			buildSettings = {
				ASSETCATALOG_COMPILER_APPICON_NAME = AppIcon;
				COMBINE_HIDPI_IMAGES = YES;
				DEVELOPMENT_TEAM = F336DSZ4D9;
				INFOPLIST_FILE = MemorizeWord/Info.plist;
				LD_RUNPATH_SEARCH_PATHS = "$(inherited) @executable_path/../Frameworks";
				PRODUCT_BUNDLE_IDENTIFIER = kaiching.org.MemorizeWord;
				PRODUCT_NAME = "$(TARGET_NAME)";
				SWIFT_VERSION = 3.0;
			};
			name = Debug;
		};
		384571AB1F32BB5200216EE7 /* Release */ = {
			isa = XCBuildConfiguration;
			buildSettings = {
				ASSETCATALOG_COMPILER_APPICON_NAME = AppIcon;
				COMBINE_HIDPI_IMAGES = YES;
				DEVELOPMENT_TEAM = F336DSZ4D9;
				INFOPLIST_FILE = MemorizeWord/Info.plist;
				LD_RUNPATH_SEARCH_PATHS = "$(inherited) @executable_path/../Frameworks";
				PRODUCT_BUNDLE_IDENTIFIER = kaiching.org.MemorizeWord;
				PRODUCT_NAME = "$(TARGET_NAME)";
				SWIFT_VERSION = 3.0;
			};
			name = Release;
		};
/* End XCBuildConfiguration section */

/* Begin XCConfigurationList section */
		384571951F32BB5200216EE7 /* Build configuration list for PBXProject "MemorizeWord" */ = {
			isa = XCConfigurationList;
			buildConfigurations = (
				384571A71F32BB5200216EE7 /* Debug */,
				384571A81F32BB5200216EE7 /* Release */,
			);
			defaultConfigurationIsVisible = 0;
			defaultConfigurationName = Release;
		};
		384571A91F32BB5200216EE7 /* Build configuration list for PBXNativeTarget "MemorizeWord" */ = {
			isa = XCConfigurationList;
			buildConfigurations = (
				384571AA1F32BB5200216EE7 /* Debug */,
				384571AB1F32BB5200216EE7 /* Release */,
			);
			defaultConfigurationIsVisible = 0;
		};
/* End XCConfigurationList section */
	};
	rootObject = 384571921F32BB5200216EE7 /* Project object */;
}
